
Microsoft Visual Studio Solution File, Format Version 12.00
# Visual Studio Version 16
VisualStudioVersion = 16.0.30413.136
MinimumVisualStudioVersion = 10.0.40219.1
Project("{FAE04EC0-301F-11D3-BF4B-00C04F79EFBC}") = "FirstAPI", "FirstAPI\FirstAPI.csproj", "{C821A0A8-641F-4F5A-9E0C-804BF26A6FB8}"
EndProject
Global
	GlobalSection(SolutionConfigurationPlatforms) = preSolution
		Debug|Any CPU = Debug|Any CPU
		Release|Any CPU = Release|Any CPU
	EndGlobalSection
	GlobalSection(ProjectConfigurationPlatforms) = postSolution
		{C821A0A8-641F-4F5A-9E0C-804BF26A6FB8}.Debug|Any CPU.ActiveCfg = Debug|Any CPU
		{C821A0A8-641F-4F5A-9E0C-804BF26A6FB8}.Debug|Any CPU.Build.0 = Debug|Any CPU
		{C821A0A8-641F-4F5A-9E0C-804BF26A6FB8}.Release|Any CPU.ActiveCfg = Release|Any CPU
		{C821A0A8-641F-4F5A-9E0C-804BF26A6FB8}.Release|Any CPU.Build.0 = Release|Any CPU
	EndGlobalSection
	GlobalSection(SolutionProperties) = preSolution
		HideSolutionNode = FALSE
	EndGlobalSection
	GlobalSection(ExtensibilityGlobals) = postSolution
		SolutionGuid = {52C4CDA1-F4A8-4464-80E3-005FC29B49F4}
	EndGlobalSection
EndGlobal
